// !$*UTF8*$!
{
	archiveVersion = 1;
	classes = {
	};
	objectVersion = 50;
	objects = {

/* Begin PBXBuildFile section */
		F27CFED7262B76BC0048E608 /* memorizeApp.swift in Sources */ = {isa = PBXBuildFile; fileRef = F27CFED6262B76BC0048E608 /* memorizeApp.swift */; };
		F27CFED9262B76BC0048E608 /* ContentView.swift in Sources */ = {isa = PBXBuildFile; fileRef = F27CFED8262B76BC0048E608 /* ContentView.swift */; };
		F27CFEDB262B76BC0048E608 /* Assets.xcassets in Resources */ = {isa = PBXBuildFile; fileRef = F27CFEDA262B76BC0048E608 /* Assets.xcassets */; };
		F27CFEDE262B76BC0048E608 /* Preview Assets.xcassets in Resources */ = {isa = PBXBuildFile; fileRef = F27CFEDD262B76BC0048E608 /* Preview Assets.xcassets */; };
		F27CFEE9262B76BC0048E608 /* memorizeTests.swift in Sources */ = {isa = PBXBuildFile; fileRef = F27CFEE8262B76BC0048E608 /* memorizeTests.swift */; };
		F27CFEF4262B76BC0048E608 /* memorizeUITests.swift in Sources */ = {isa = PBXBuildFile; fileRef = F27CFEF3262B76BC0048E608 /* memorizeUITests.swift */; };
/* End PBXBuildFile section */

/* Begin PBXContainerItemProxy section */
		F27CFEE5262B76BC0048E608 /* PBXContainerItemProxy */ = {
			isa = PBXContainerItemProxy;
			containerPortal = F27CFECB262B76BC0048E608 /* Project object */;
			proxyType = 1;
			remoteGlobalIDString = F27CFED2262B76BC0048E608;
			remoteInfo = memorize;
		};
		F27CFEF0262B76BC0048E608 /* PBXContainerItemProxy */ = {
			isa = PBXContainerItemProxy;
			containerPortal = F27CFECB262B76BC0048E608 /* Project object */;
			proxyType = 1;
			remoteGlobalIDString = F27CFED2262B76BC0048E608;
			remoteInfo = memorize;
		};
/* End PBXContainerItemProxy section */

/* Begin PBXFileReference section */
		F27CFED3262B76BC0048E608 /* memorize.app */ = {isa = PBXFileReference; explicitFileType = wrapper.application; includeInIndex = 0; path = memorize.app; sourceTree = BUILT_PRODUCTS_DIR; };
		F27CFED6262B76BC0048E608 /* memorizeApp.swift */ = {isa = PBXFileReference; lastKnownFileType = sourcecode.swift; path = memorizeApp.swift; sourceTree = "<group>"; };
		F27CFED8262B76BC0048E608 /* ContentView.swift */ = {isa = PBXFileReference; lastKnownFileType = sourcecode.swift; path = ContentView.swift; sourceTree = "<group>"; };
		F27CFEDA262B76BC0048E608 /* Assets.xcassets */ = {isa = PBXFileReference; lastKnownFileType = folder.assetcatalog; path = Assets.xcassets; sourceTree = "<group>"; };
		F27CFEDD262B76BC0048E608 /* Preview Assets.xcassets */ = {isa = PBXFileReference; lastKnownFileType = folder.assetcatalog; path = "Preview Assets.xcassets"; sourceTree = "<group>"; };
		F27CFEDF262B76BC0048E608 /* Info.plist */ = {isa = PBXFileReference; lastKnownFileType = text.plist.xml; path = Info.plist; sourceTree = "<group>"; };
		F27CFEE4262B76BC0048E608 /* memorizeTests.xctest */ = {isa = PBXFileReference; explicitFileType = wrapper.cfbundle; includeInIndex = 0; path = memorizeTests.xctest; sourceTree = BUILT_PRODUCTS_DIR; };
		F27CFEE8262B76BC0048E608 /* memorizeTests.swift */ = {isa = PBXFileReference; lastKnownFileType = sourcecode.swift; path = memorizeTests.swift; sourceTree = "<group>"; };
		F27CFEEA262B76BC0048E608 /* Info.plist */ = {isa = PBXFileReference; lastKnownFileType = text.plist.xml; path = Info.plist; sourceTree = "<group>"; };
		F27CFEEF262B76BC0048E608 /* memorizeUITests.xctest */ = {isa = PBXFileReference; explicitFileType = wrapper.cfbundle; includeInIndex = 0; path = memorizeUITests.xctest; sourceTree = BUILT_PRODUCTS_DIR; };
		F27CFEF3262B76BC0048E608 /* memorizeUITests.swift */ = {isa = PBXFileReference; lastKnownFileType = sourcecode.swift; path = memorizeUITests.swift; sourceTree = "<group>"; };
		F27CFEF5262B76BC0048E608 /* Info.plist */ = {isa = PBXFileReference; lastKnownFileType = text.plist.xml; path = Info.plist; sourceTree = "<group>"; };
/* End PBXFileReference section */

/* Begin PBXFrameworksBuildPhase section */
		F27CFED0262B76BC0048E608 /* Frameworks */ = {
			isa = PBXFrameworksBuildPhase;
			buildActionMask = 2147483647;
			files = (
			);
			runOnlyForDeploymentPostprocessing = 0;
		};
		F27CFEE1262B76BC0048E608 /* Frameworks */ = {
			isa = PBXFrameworksBuildPhase;
			buildActionMask = 2147483647;
			files = (
			);
			runOnlyForDeploymentPostprocessing = 0;
		};
		F27CFEEC262B76BC0048E608 /* Frameworks */ = {
			isa = PBXFrameworksBuildPhase;
			buildActionMask = 2147483647;
			files = (
			);
			runOnlyForDeploymentPostprocessing = 0;
		};
/* End PBXFrameworksBuildPhase section */

/* Begin PBXGroup section */
		F27CFECA262B76BC0048E608 = {
			isa = PBXGroup;
			children = (
				F27CFED5262B76BC0048E608 /* memorize */,
				F27CFEE7262B76BC0048E608 /* memorizeTests */,
				F27CFEF2262B76BC0048E608 /* memorizeUITests */,
				F27CFED4262B76BC0048E608 /* Products */,
			);
			sourceTree = "<group>";
		};
		F27CFED4262B76BC0048E608 /* Products */ = {
			isa = PBXGroup;
			children = (
				F27CFED3262B76BC0048E608 /* memorize.app */,
				F27CFEE4262B76BC0048E608 /* memorizeTests.xctest */,
				F27CFEEF262B76BC0048E608 /* memorizeUITests.xctest */,
			);
			name = Products;
			sourceTree = "<group>";
		};
		F27CFED5262B76BC0048E608 /* memorize */ = {
			isa = PBXGroup;
			children = (
				F27CFED6262B76BC0048E608 /* memorizeApp.swift */,
				F27CFED8262B76BC0048E608 /* ContentView.swift */,
				F27CFEDA262B76BC0048E608 /* Assets.xcassets */,
				F27CFEDF262B76BC0048E608 /* Info.plist */,
				F27CFEDC262B76BC0048E608 /* Preview Content */,
			);
			path = memorize;
			sourceTree = "<group>";
		};
		F27CFEDC262B76BC0048E608 /* Preview Content */ = {
			isa = PBXGroup;
			children = (
				F27CFEDD262B76BC0048E608 /* Preview Assets.xcassets */,
			);
			path = "Preview Content";
			sourceTree = "<group>";
		};
		F27CFEE7262B76BC0048E608 /* memorizeTests */ = {
			isa = PBXGroup;
			children = (
				F27CFEE8262B76BC0048E608 /* memorizeTests.swift */,
				F27CFEEA262B76BC0048E608 /* Info.plist */,
			);
			path = memorizeTests;
			sourceTree = "<group>";
		};
		F27CFEF2262B76BC0048E608 /* memorizeUITests */ = {
			isa = PBXGroup;
			children = (
				F27CFEF3262B76BC0048E608 /* memorizeUITests.swift */,
				F27CFEF5262B76BC0048E608 /* Info.plist */,
			);
			path = memorizeUITests;
			sourceTree = "<group>";
		};
/* End PBXGroup section */

/* Begin PBXNativeTarget section */
		F27CFED2262B76BC0048E608 /* memorize */ = {
			isa = PBXNativeTarget;
			buildConfigurationList = F27CFEF8262B76BD0048E608 /* Build configuration list for PBXNativeTarget "memorize" */;
			buildPhases = (
				F27CFECF262B76BC0048E608 /* Sources */,
				F27CFED0262B76BC0048E608 /* Frameworks */,
				F27CFED1262B76BC0048E608 /* Resources */,
			);
			buildRules = (
			);
			dependencies = (
			);
			name = memorize;
			productName = memorize;
			productReference = F27CFED3262B76BC0048E608 /* memorize.app */;
			productType = "com.apple.product-type.application";
		};
		F27CFEE3262B76BC0048E608 /* memorizeTests */ = {
			isa = PBXNativeTarget;
			buildConfigurationList = F27CFEFB262B76BD0048E608 /* Build configuration list for PBXNativeTarget "memorizeTests" */;
			buildPhases = (
				F27CFEE0262B76BC0048E608 /* Sources */,
				F27CFEE1262B76BC0048E608 /* Frameworks */,
				F27CFEE2262B76BC0048E608 /* Resources */,
			);
			buildRules = (
			);
			dependencies = (
				F27CFEE6262B76BC0048E608 /* PBXTargetDependency */,
			);
			name = memorizeTests;
			productName = memorizeTests;
			productReference = F27CFEE4262B76BC0048E608 /* memorizeTests.xctest */;
			productType = "com.apple.product-type.bundle.unit-test";
		};
		F27CFEEE262B76BC0048E608 /* memorizeUITests */ = {
			isa = PBXNativeTarget;
			buildConfigurationList = F27CFEFE262B76BD0048E608 /* Build configuration list for PBXNativeTarget "memorizeUITests" */;
			buildPhases = (
				F27CFEEB262B76BC0048E608 /* Sources */,
				F27CFEEC262B76BC0048E608 /* Frameworks */,
				F27CFEED262B76BC0048E608 /* Resources */,
			);
			buildRules = (
			);
			dependencies = (
				F27CFEF1262B76BC0048E608 /* PBXTargetDependency */,
			);
			name = memorizeUITests;
			productName = memorizeUITests;
			productReference = F27CFEEF262B76BC0048E608 /* memorizeUITests.xctest */;
			productType = "com.apple.product-type.bundle.ui-testing";
		};
/* End PBXNativeTarget section */

/* Begin PBXProject section */
		F27CFECB262B76BC0048E608 /* Project object */ = {
			isa = PBXProject;
			attributes = {
				LastSwiftUpdateCheck = 1240;
				LastUpgradeCheck = 1240;
				TargetAttributes = {
					F27CFED2262B76BC0048E608 = {
						CreatedOnToolsVersion = 12.4;
					};
					F27CFEE3262B76BC0048E608 = {
						CreatedOnToolsVersion = 12.4;
						TestTargetID = F27CFED2262B76BC0048E608;
					};
					F27CFEEE262B76BC0048E608 = {
						CreatedOnToolsVersion = 12.4;
						TestTargetID = F27CFED2262B76BC0048E608;
					};
				};
			};
			buildConfigurationList = F27CFECE262B76BC0048E608 /* Build configuration list for PBXProject "memorize" */;
			compatibilityVersion = "Xcode 9.3";
			developmentRegion = en;
			hasScannedForEncodings = 0;
			knownRegions = (
				en,
				Base,
			);
			mainGroup = F27CFECA262B76BC0048E608;
			productRefGroup = F27CFED4262B76BC0048E608 /* Products */;
			projectDirPath = "";
			projectRoot = "";
			targets = (
				F27CFED2262B76BC0048E608 /* memorize */,
				F27CFEE3262B76BC0048E608 /* memorizeTests */,
				F27CFEEE262B76BC0048E608 /* memorizeUITests */,
			);
		};
/* End PBXProject section */

/* Begin PBXResourcesBuildPhase section */
		F27CFED1262B76BC0048E608 /* Resources */ = {
			isa = PBXResourcesBuildPhase;
			buildActionMask = 2147483647;
			files = (
				F27CFEDE262B76BC0048E608 /* Preview Assets.xcassets in Resources */,
				F27CFEDB262B76BC0048E608 /* Assets.xcassets in Resources */,
			);
			runOnlyForDeploymentPostprocessing = 0;
		};
		F27CFEE2262B76BC0048E608 /* Resources */ = {
			isa = PBXResourcesBuildPhase;
			buildActionMask = 2147483647;
			files = (
			);
			runOnlyForDeploymentPostprocessing = 0;
		};
		F27CFEED262B76BC0048E608 /* Resources */ = {
			isa = PBXResourcesBuildPhase;
			buildActionMask = 2147483647;
			files = (
			);
			runOnlyForDeploymentPostprocessing = 0;
		};
/* End PBXResourcesBuildPhase section */

/* Begin PBXSourcesBuildPhase section */
		F27CFECF262B76BC0048E608 /* Sources */ = {
			isa = PBXSourcesBuildPhase;
			buildActionMask = 2147483647;
			files = (
				F27CFED9262B76BC0048E608 /* ContentView.swift in Sources */,
				F27CFED7262B76BC0048E608 /* memorizeApp.swift in Sources */,
			);
			runOnlyForDeploymentPostprocessing = 0;
		};
		F27CFEE0262B76BC0048E608 /* Sources */ = {
			isa = PBXSourcesBuildPhase;
			buildActionMask = 2147483647;
			files = (
				F27CFEE9262B76BC0048E608 /* memorizeTests.swift in Sources */,
			);
			runOnlyForDeploymentPostprocessing = 0;
		};
		F27CFEEB262B76BC0048E608 /* Sources */ = {
			isa = PBXSourcesBuildPhase;
			buildActionMask = 2147483647;
			files = (
				F27CFEF4262B76BC0048E608 /* memorizeUITests.swift in Sources */,
			);
			runOnlyForDeploymentPostprocessing = 0;
		};
/* End PBXSourcesBuildPhase section */

/* Begin PBXTargetDependency section */
		F27CFEE6262B76BC0048E608 /* PBXTargetDependency */ = {
			isa = PBXTargetDependency;
			target = F27CFED2262B76BC0048E608 /* memorize */;
			targetProxy = F27CFEE5262B76BC0048E608 /* PBXContainerItemProxy */;
		};
		F27CFEF1262B76BC0048E608 /* PBXTargetDependency */ = {
			isa = PBXTargetDependency;
			target = F27CFED2262B76BC0048E608 /* memorize */;
			targetProxy = F27CFEF0262B76BC0048E608 /* PBXContainerItemProxy */;
		};
/* End PBXTargetDependency section */

/* Begin XCBuildConfiguration section */
		F27CFEF6262B76BD0048E608 /* Debug */ = {
			isa = XCBuildConfiguration;
			buildSettings = {
				ALWAYS_SEARCH_USER_PATHS = NO;
				CLANG_ANALYZER_NONNULL = YES;
				CLANG_ANALYZER_NUMBER_OBJECT_CONVERSION = YES_AGGRESSIVE;
				CLANG_CXX_LANGUAGE_STANDARD = "gnu++14";
				CLANG_CXX_LIBRARY = "libc++";
				CLANG_ENABLE_MODULES = YES;
				CLANG_ENABLE_OBJC_ARC = YES;
				CLANG_ENABLE_OBJC_WEAK = YES;
				CLANG_WARN_BLOCK_CAPTURE_AUTORELEASING = YES;
				CLANG_WARN_BOOL_CONVERSION = YES;
				CLANG_WARN_COMMA = YES;
				CLANG_WARN_CONSTANT_CONVERSION = YES;
				CLANG_WARN_DEPRECATED_OBJC_IMPLEMENTATIONS = YES;
				CLANG_WARN_DIRECT_OBJC_ISA_USAGE = YES_ERROR;
				CLANG_WARN_DOCUMENTATION_COMMENTS = YES;
				CLANG_WARN_EMPTY_BODY = YES;
				CLANG_WARN_ENUM_CONVERSION = YES;
				CLANG_WARN_INFINITE_RECURSION = YES;
				CLANG_WARN_INT_CONVERSION = YES;
				CLANG_WARN_NON_LITERAL_NULL_CONVERSION = YES;
				CLANG_WARN_OBJC_IMPLICIT_RETAIN_SELF = YES;
				CLANG_WARN_OBJC_LITERAL_CONVERSION = YES;
				CLANG_WARN_OBJC_ROOT_CLASS = YES_ERROR;
				CLANG_WARN_QUOTED_INCLUDE_IN_FRAMEWORK_HEADER = YES;
				CLANG_WARN_RANGE_LOOP_ANALYSIS = YES;
				CLANG_WARN_STRICT_PROTOTYPES = YES;
				CLANG_WARN_SUSPICIOUS_MOVE = YES;
				CLANG_WARN_UNGUARDED_AVAILABILITY = YES_AGGRESSIVE;
				CLANG_WARN_UNREACHABLE_CODE = YES;
				CLANG_WARN__DUPLICATE_METHOD_MATCH = YES;
				COPY_PHASE_STRIP = NO;
				DEBUG_INFORMATION_FORMAT = dwarf;
				ENABLE_STRICT_OBJC_MSGSEND = YES;
				ENABLE_TESTABILITY = YES;
				GCC_C_LANGUAGE_STANDARD = gnu11;
				GCC_DYNAMIC_NO_PIC = NO;
				GCC_NO_COMMON_BLOCKS = YES;
				GCC_OPTIMIZATION_LEVEL = 0;
				GCC_PREPROCESSOR_DEFINITIONS = (
					"DEBUG=1",
					"$(inherited)",
				);
				GCC_WARN_64_TO_32_BIT_CONVERSION = YES;
				GCC_WARN_ABOUT_RETURN_TYPE = YES_ERROR;
				GCC_WARN_UNDECLARED_SELECTOR = YES;
				GCC_WARN_UNINITIALIZED_AUTOS = YES_AGGRESSIVE;
				GCC_WARN_UNUSED_FUNCTION = YES;
				GCC_WARN_UNUSED_VARIABLE = YES;
				IPHONEOS_DEPLOYMENT_TARGET = 14.4;
				MTL_ENABLE_DEBUG_INFO = INCLUDE_SOURCE;
				MTL_FAST_MATH = YES;
				ONLY_ACTIVE_ARCH = YES;
				SDKROOT = iphoneos;
				SWIFT_ACTIVE_COMPILATION_CONDITIONS = DEBUG;
				SWIFT_OPTIMIZATION_LEVEL = "-Onone";
			};
			name = Debug;
		};
		F27CFEF7262B76BD0048E608 /* Release */ = {
			isa = XCBuildConfiguration;
			buildSettings = {
				ALWAYS_SEARCH_USER_PATHS = NO;
				CLANG_ANALYZER_NONNULL = YES;
				CLANG_ANALYZER_NUMBER_OBJECT_CONVERSION = YES_AGGRESSIVE;
				CLANG_CXX_LANGUAGE_STANDARD = "gnu++14";
				CLANG_CXX_LIBRARY = "libc++";
				CLANG_ENABLE_MODULES = YES;
				CLANG_ENABLE_OBJC_ARC = YES;
				CLANG_ENABLE_OBJC_WEAK = YES;
				CLANG_WARN_BLOCK_CAPTURE_AUTORELEASING = YES;
				CLANG_WARN_BOOL_CONVERSION = YES;
				CLANG_WARN_COMMA = YES;
				CLANG_WARN_CONSTANT_CONVERSION = YES;
				CLANG_WARN_DEPRECATED_OBJC_IMPLEMENTATIONS = YES;
				CLANG_WARN_DIRECT_OBJC_ISA_USAGE = YES_ERROR;
				CLANG_WARN_DOCUMENTATION_COMMENTS = YES;
				CLANG_WARN_EMPTY_BODY = YES;
				CLANG_WARN_ENUM_CONVERSION = YES;
				CLANG_WARN_INFINITE_RECURSION = YES;
				CLANG_WARN_INT_CONVERSION = YES;
				CLANG_WARN_NON_LITERAL_NULL_CONVERSION = YES;
				CLANG_WARN_OBJC_IMPLICIT_RETAIN_SELF = YES;
				CLANG_WARN_OBJC_LITERAL_CONVERSION = YES;
				CLANG_WARN_OBJC_ROOT_CLASS = YES_ERROR;
				CLANG_WARN_QUOTED_INCLUDE_IN_FRAMEWORK_HEADER = YES;
				CLANG_WARN_RANGE_LOOP_ANALYSIS = YES;
				CLANG_WARN_STRICT_PROTOTYPES = YES;
				CLANG_WARN_SUSPICIOUS_MOVE = YES;
				CLANG_WARN_UNGUARDED_AVAILABILITY = YES_AGGRESSIVE;
				CLANG_WARN_UNREACHABLE_CODE = YES;
				CLANG_WARN__DUPLICATE_METHOD_MATCH = YES;
				COPY_PHASE_STRIP = NO;
				DEBUG_INFORMATION_FORMAT = "dwarf-with-dsym";
				ENABLE_NS_ASSERTIONS = NO;
				ENABLE_STRICT_OBJC_MSGSEND = YES;
				GCC_C_LANGUAGE_STANDARD = gnu11;
				GCC_NO_COMMON_BLOCKS = YES;
				GCC_WARN_64_TO_32_BIT_CONVERSION = YES;
				GCC_WARN_ABOUT_RETURN_TYPE = YES_ERROR;
				GCC_WARN_UNDECLARED_SELECTOR = YES;
				GCC_WARN_UNINITIALIZED_AUTOS = YES_AGGRESSIVE;
				GCC_WARN_UNUSED_FUNCTION = YES;
				GCC_WARN_UNUSED_VARIABLE = YES;
				IPHONEOS_DEPLOYMENT_TARGET = 14.4;
				MTL_ENABLE_DEBUG_INFO = NO;
				MTL_FAST_MATH = YES;
				SDKROOT = iphoneos;
				SWIFT_COMPILATION_MODE = wholemodule;
				SWIFT_OPTIMIZATION_LEVEL = "-O";
				VALIDATE_PRODUCT = YES;
			};
			name = Release;
		};
		F27CFEF9262B76BD0048E608 /* Debug */ = {
			isa = XCBuildConfiguration;
			buildSettings = {
				ASSETCATALOG_COMPILER_APPICON_NAME = AppIcon;
				ASSETCATALOG_COMPILER_GLOBAL_ACCENT_COLOR_NAME = AccentColor;
				CODE_SIGN_STYLE = Automatic;
				DEVELOPMENT_ASSET_PATHS = "\"memorize/Preview Content\"";
				DEVELOPMENT_TEAM = Y4JSMW3HU8;
				ENABLE_PREVIEWS = YES;
				INFOPLIST_FILE = memorize/Info.plist;
				IPHONEOS_DEPLOYMENT_TARGET = 14.0;
				LD_RUNPATH_SEARCH_PATHS = (
					"$(inherited)",
					"@executable_path/Frameworks",
				);
				PRODUCT_BUNDLE_IDENTIFIER = lfoliveira.memorize;
				PRODUCT_NAME = "$(TARGET_NAME)";
				SWIFT_VERSION = 5.0;
				TARGETED_DEVICE_FAMILY = "1,2";
			};
			name = Debug;
		};
		F27CFEFA262B76BD0048E608 /* Release */ = {
			isa = XCBuildConfiguration;
			buildSettings = {
				ASSETCATALOG_COMPILER_APPICON_NAME = AppIcon;
				ASSETCATALOG_COMPILER_GLOBAL_ACCENT_COLOR_NAME = AccentColor;
				CODE_SIGN_STYLE = Automatic;
				DEVELOPMENT_ASSET_PATHS = "\"memorize/Preview Content\"";
				DEVELOPMENT_TEAM = Y4JSMW3HU8;
				ENABLE_PREVIEWS = YES;
				INFOPLIST_FILE = memorize/Info.plist;
				IPHONEOS_DEPLOYMENT_TARGET = 14.0;
				LD_RUNPATH_SEARCH_PATHS = (
					"$(inherited)",
					"@executable_path/Frameworks",
				);
				PRODUCT_BUNDLE_IDENTIFIER = lfoliveira.memorize;
				PRODUCT_NAME = "$(TARGET_NAME)";
				SWIFT_VERSION = 5.0;
				TARGETED_DEVICE_FAMILY = "1,2";
			};
			name = Release;
		};
		F27CFEFC262B76BD0048E608 /* Debug */ = {
			isa = XCBuildConfiguration;
			buildSettings = {
				ALWAYS_EMBED_SWIFT_STANDARD_LIBRARIES = YES;
				BUNDLE_LOADER = "$(TEST_HOST)";
				CODE_SIGN_STYLE = Automatic;
				DEVELOPMENT_TEAM = Y4JSMW3HU8;
				INFOPLIST_FILE = memorizeTests/Info.plist;
				IPHONEOS_DEPLOYMENT_TARGET = 14.0;
				LD_RUNPATH_SEARCH_PATHS = (
					"$(inherited)",
					"@executable_path/Frameworks",
					"@loader_path/Frameworks",
				);
				PRODUCT_BUNDLE_IDENTIFIER = lfoliveira.memorizeTests;
				PRODUCT_NAME = "$(TARGET_NAME)";
				SWIFT_VERSION = 5.0;
				TARGETED_DEVICE_FAMILY = "1,2";
				TEST_HOST = "$(BUILT_PRODUCTS_DIR)/memorize.app/memorize";
			};
			name = Debug;
		};
		F27CFEFD262B76BD0048E608 /* Release */ = {
			isa = XCBuildConfiguration;
			buildSettings = {
				ALWAYS_EMBED_SWIFT_STANDARD_LIBRARIES = YES;
				BUNDLE_LOADER = "$(TEST_HOST)";
				CODE_SIGN_STYLE = Automatic;
				DEVELOPMENT_TEAM = Y4JSMW3HU8;
				INFOPLIST_FILE = memorizeTests/Info.plist;
				IPHONEOS_DEPLOYMENT_TARGET = 14.0;
				LD_RUNPATH_SEARCH_PATHS = (
					"$(inherited)",
					"@executable_path/Frameworks",
					"@loader_path/Frameworks",
				);
				PRODUCT_BUNDLE_IDENTIFIER = lfoliveira.memorizeTests;
				PRODUCT_NAME = "$(TARGET_NAME)";
				SWIFT_VERSION = 5.0;
				TARGETED_DEVICE_FAMILY = "1,2";
				TEST_HOST = "$(BUILT_PRODUCTS_DIR)/memorize.app/memorize";
			};
			name = Release;
		};
		F27CFEFF262B76BD0048E608 /* Debug */ = {
			isa = XCBuildConfiguration;
			buildSettings = {
				ALWAYS_EMBED_SWIFT_STANDARD_LIBRARIES = YES;
				CODE_SIGN_STYLE = Automatic;
				DEVELOPMENT_TEAM = Y4JSMW3HU8;
				INFOPLIST_FILE = memorizeUITests/Info.plist;
				LD_RUNPATH_SEARCH_PATHS = (
					"$(inherited)",
					"@executable_path/Frameworks",
					"@loader_path/Frameworks",
				);
				PRODUCT_BUNDLE_IDENTIFIER = lfoliveira.memorizeUITests;
				PRODUCT_NAME = "$(TARGET_NAME)";
				SWIFT_VERSION = 5.0;
				TARGETED_DEVICE_FAMILY = "1,2";
				TEST_TARGET_NAME = memorize;
			};
			name = Debug;
		};
		F27CFF00262B76BD0048E608 /* Release */ = {
			isa = XCBuildConfiguration;
			buildSettings = {
				ALWAYS_EMBED_SWIFT_STANDARD_LIBRARIES = YES;
				CODE_SIGN_STYLE = Automatic;
				DEVELOPMENT_TEAM = Y4JSMW3HU8;
				INFOPLIST_FILE = memorizeUITests/Info.plist;
				LD_RUNPATH_SEARCH_PATHS = (
					"$(inherited)",
					"@executable_path/Frameworks",
					"@loader_path/Frameworks",
				);
				PRODUCT_BUNDLE_IDENTIFIER = lfoliveira.memorizeUITests;
				PRODUCT_NAME = "$(TARGET_NAME)";
				SWIFT_VERSION = 5.0;
				TARGETED_DEVICE_FAMILY = "1,2";
				TEST_TARGET_NAME = memorize;
			};
			name = Release;
		};
/* End XCBuildConfiguration section */

/* Begin XCConfigurationList section */
		F27CFECE262B76BC0048E608 /* Build configuration list for PBXProject "memorize" */ = {
			isa = XCConfigurationList;
			buildConfigurations = (
				F27CFEF6262B76BD0048E608 /* Debug */,
				F27CFEF7262B76BD0048E608 /* Release */,
			);
			defaultConfigurationIsVisible = 0;
			defaultConfigurationName = Release;
		};
		F27CFEF8262B76BD0048E608 /* Build configuration list for PBXNativeTarget "memorize" */ = {
			isa = XCConfigurationList;
			buildConfigurations = (
				F27CFEF9262B76BD0048E608 /* Debug */,
				F27CFEFA262B76BD0048E608 /* Release */,
			);
			defaultConfigurationIsVisible = 0;
			defaultConfigurationName = Release;
		};
		F27CFEFB262B76BD0048E608 /* Build configuration list for PBXNativeTarget "memorizeTests" */ = {
			isa = XCConfigurationList;
			buildConfigurations = (
				F27CFEFC262B76BD0048E608 /* Debug */,
				F27CFEFD262B76BD0048E608 /* Release */,
			);
			defaultConfigurationIsVisible = 0;
			defaultConfigurationName = Release;
		};
		F27CFEFE262B76BD0048E608 /* Build configuration list for PBXNativeTarget "memorizeUITests" */ = {
			isa = XCConfigurationList;
			buildConfigurations = (
				F27CFEFF262B76BD0048E608 /* Debug */,
				F27CFF00262B76BD0048E608 /* Release */,
			);
			defaultConfigurationIsVisible = 0;
			defaultConfigurationName = Release;
		};
/* End XCConfigurationList section */
	};
	rootObject = F27CFECB262B76BC0048E608 /* Project object */;
}
